{
  "pins" : [
    {
      "identity" : "kingfisher",
      "kind" : "remoteSourceControl",
      "location" : "https://github.com/onevcat/Kingfisher.git",
      "state" : {
        "branch" : "master",
        "revision" : "bd961ddf386814c26f5a7783734b5868e61fc009"
      }
    }
  ],
  "version" : 2
}
