// !$*UTF8*$!
{
	archiveVersion = 1;
	classes = {
	};
	objectVersion = 56;
	objects = {

/* Begin PBXBuildFile section */
		A48B0CEF2A77AFAC00A682D4 /* Kingfisher in Frameworks */ = {isa = PBXBuildFile; productRef = A48B0CEE2A77AFAC00A682D4 /* Kingfisher */; };
		A48B0CF12A77B41A00A682D4 /* SubTitlePageDesign.swift in Sources */ = {isa = PBXBuildFile; fileRef = A48B0CF02A77B41A00A682D4 /* SubTitlePageDesign.swift */; };
		A48B0CF32A77D0D100A682D4 /* DetailPage.swift in Sources */ = {isa = PBXBuildFile; fileRef = A48B0CF22A77D0D100A682D4 /* DetailPage.swift */; };
		A49B244D2A79257400CDB771 /* FavPageDesign.swift in Sources */ = {isa = PBXBuildFile; fileRef = A49B244C2A79257400CDB771 /* FavPageDesign.swift */; };
		A4C7443D2A73B3F3007C023F /* MovieApp.swift in Sources */ = {isa = PBXBuildFile; fileRef = A4C7443C2A73B3F3007C023F /* MovieApp.swift */; };
		A4C7443F2A73B3F3007C023F /* ContentView.swift in Sources */ = {isa = PBXBuildFile; fileRef = A4C7443E2A73B3F3007C023F /* ContentView.swift */; };
		A4C744412A73B3F5007C023F /* Assets.xcassets in Resources */ = {isa = PBXBuildFile; fileRef = A4C744402A73B3F5007C023F /* Assets.xcassets */; };
		A4C744442A73B3F5007C023F /* Preview Assets.xcassets in Resources */ = {isa = PBXBuildFile; fileRef = A4C744432A73B3F5007C023F /* Preview Assets.xcassets */; };
		A4C7444F2A73B4D5007C023F /* MovieHomePage.swift in Sources */ = {isa = PBXBuildFile; fileRef = A4C7444E2A73B4D5007C023F /* MovieHomePage.swift */; };
		A4C744512A73B4EF007C023F /* MovieSearchPage.swift in Sources */ = {isa = PBXBuildFile; fileRef = A4C744502A73B4EF007C023F /* MovieSearchPage.swift */; };
		A4C744532A73B503007C023F /* MovieFavPage.swift in Sources */ = {isa = PBXBuildFile; fileRef = A4C744522A73B503007C023F /* MovieFavPage.swift */; };
		A4C744552A73B8B0007C023F /* MovieDBViewModel.swift in Sources */ = {isa = PBXBuildFile; fileRef = A4C744542A73B8B0007C023F /* MovieDBViewModel.swift */; };
		A4C744572A73BEEE007C023F /* MovieModel.swift in Sources */ = {isa = PBXBuildFile; fileRef = A4C744562A73BEEE007C023F /* MovieModel.swift */; };
		A4C7445A2A73E000007C023F /* HomePageDesign.swift in Sources */ = {isa = PBXBuildFile; fileRef = A4C744592A73E000007C023F /* HomePageDesign.swift */; };
		A4D64FCE2A7A47450064D95A /* DetailPageDesign.swift in Sources */ = {isa = PBXBuildFile; fileRef = A4D64FCD2A7A47450064D95A /* DetailPageDesign.swift */; };
		A4D64FD02A7A5C830064D95A /* ActorPageDesign.swift in Sources */ = {isa = PBXBuildFile; fileRef = A4D64FCF2A7A5C830064D95A /* ActorPageDesign.swift */; };
/* End PBXBuildFile section */

/* Begin PBXFileReference section */
		A48B0CF02A77B41A00A682D4 /* SubTitlePageDesign.swift */ = {isa = PBXFileReference; lastKnownFileType = sourcecode.swift; path = SubTitlePageDesign.swift; sourceTree = "<group>"; };
		A48B0CF22A77D0D100A682D4 /* DetailPage.swift */ = {isa = PBXFileReference; lastKnownFileType = sourcecode.swift; path = DetailPage.swift; sourceTree = "<group>"; };
		A49B244C2A79257400CDB771 /* FavPageDesign.swift */ = {isa = PBXFileReference; lastKnownFileType = sourcecode.swift; path = FavPageDesign.swift; sourceTree = "<group>"; };
		A4C744392A73B3F3007C023F /* MovieApp.app */ = {isa = PBXFileReference; explicitFileType = wrapper.application; includeInIndex = 0; path = MovieApp.app; sourceTree = BUILT_PRODUCTS_DIR; };
		A4C7443C2A73B3F3007C023F /* MovieApp.swift */ = {isa = PBXFileReference; lastKnownFileType = sourcecode.swift; path = MovieApp.swift; sourceTree = "<group>"; };
		A4C7443E2A73B3F3007C023F /* ContentView.swift */ = {isa = PBXFileReference; lastKnownFileType = sourcecode.swift; path = ContentView.swift; sourceTree = "<group>"; };
		A4C744402A73B3F5007C023F /* Assets.xcassets */ = {isa = PBXFileReference; lastKnownFileType = folder.assetcatalog; path = Assets.xcassets; sourceTree = "<group>"; };
		A4C744432A73B3F5007C023F /* Preview Assets.xcassets */ = {isa = PBXFileReference; lastKnownFileType = folder.assetcatalog; path = "Preview Assets.xcassets"; sourceTree = "<group>"; };
		A4C7444E2A73B4D5007C023F /* MovieHomePage.swift */ = {isa = PBXFileReference; lastKnownFileType = sourcecode.swift; path = MovieHomePage.swift; sourceTree = "<group>"; };
		A4C744502A73B4EF007C023F /* MovieSearchPage.swift */ = {isa = PBXFileReference; lastKnownFileType = sourcecode.swift; path = MovieSearchPage.swift; sourceTree = "<group>"; };
		A4C744522A73B503007C023F /* MovieFavPage.swift */ = {isa = PBXFileReference; lastKnownFileType = sourcecode.swift; path = MovieFavPage.swift; sourceTree = "<group>"; };
		A4C744542A73B8B0007C023F /* MovieDBViewModel.swift */ = {isa = PBXFileReference; lastKnownFileType = sourcecode.swift; path = MovieDBViewModel.swift; sourceTree = "<group>"; };
		A4C744562A73BEEE007C023F /* MovieModel.swift */ = {isa = PBXFileReference; lastKnownFileType = sourcecode.swift; path = MovieModel.swift; sourceTree = "<group>"; };
		A4C744592A73E000007C023F /* HomePageDesign.swift */ = {isa = PBXFileReference; lastKnownFileType = sourcecode.swift; path = HomePageDesign.swift; sourceTree = "<group>"; };
		A4D64FCD2A7A47450064D95A /* DetailPageDesign.swift */ = {isa = PBXFileReference; lastKnownFileType = sourcecode.swift; path = DetailPageDesign.swift; sourceTree = "<group>"; };
		A4D64FCF2A7A5C830064D95A /* ActorPageDesign.swift */ = {isa = PBXFileReference; lastKnownFileType = sourcecode.swift; path = ActorPageDesign.swift; sourceTree = "<group>"; };
/* End PBXFileReference section */

/* Begin PBXFrameworksBuildPhase section */
		A4C744362A73B3F3007C023F /* Frameworks */ = {
			isa = PBXFrameworksBuildPhase;
			buildActionMask = 2147483647;
			files = (
				A48B0CEF2A77AFAC00A682D4 /* Kingfisher in Frameworks */,
			);
			runOnlyForDeploymentPostprocessing = 0;
		};
/* End PBXFrameworksBuildPhase section */

/* Begin PBXGroup section */
		A4C744302A73B3F3007C023F = {
			isa = PBXGroup;
			children = (
				A4C7443B2A73B3F3007C023F /* MovieApp */,
				A4C7443A2A73B3F3007C023F /* Products */,
			);
			sourceTree = "<group>";
		};
		A4C7443A2A73B3F3007C023F /* Products */ = {
			isa = PBXGroup;
			children = (
				A4C744392A73B3F3007C023F /* MovieApp.app */,
			);
			name = Products;
			sourceTree = "<group>";
		};
		A4C7443B2A73B3F3007C023F /* MovieApp */ = {
			isa = PBXGroup;
			children = (
				A4C7444D2A73B477007C023F /* Model */,
				A4C7444C2A73B470007C023F /* View */,
				A4C7444B2A73B46B007C023F /* ViewModel */,
				A4C7444A2A73B45F007C023F /* Helper */,
				A4C744422A73B3F5007C023F /* Preview Content */,
			);
			path = MovieApp;
			sourceTree = "<group>";
		};
		A4C744422A73B3F5007C023F /* Preview Content */ = {
			isa = PBXGroup;
			children = (
				A4C744432A73B3F5007C023F /* Preview Assets.xcassets */,
			);
			path = "Preview Content";
			sourceTree = "<group>";
		};
		A4C7444A2A73B45F007C023F /* Helper */ = {
			isa = PBXGroup;
			children = (
				A4C744402A73B3F5007C023F /* Assets.xcassets */,
			);
			path = Helper;
			sourceTree = "<group>";
		};
		A4C7444B2A73B46B007C023F /* ViewModel */ = {
			isa = PBXGroup;
			children = (
				A4C744542A73B8B0007C023F /* MovieDBViewModel.swift */,
			);
			path = ViewModel;
			sourceTree = "<group>";
		};
		A4C7444C2A73B470007C023F /* View */ = {
			isa = PBXGroup;
			children = (
				A4C744582A73DFEE007C023F /* SubView */,
				A4C7443C2A73B3F3007C023F /* MovieApp.swift */,
				A4C7443E2A73B3F3007C023F /* ContentView.swift */,
				A4C7444E2A73B4D5007C023F /* MovieHomePage.swift */,
				A48B0CF02A77B41A00A682D4 /* SubTitlePageDesign.swift */,
				A4C744502A73B4EF007C023F /* MovieSearchPage.swift */,
				A4C744522A73B503007C023F /* MovieFavPage.swift */,
				A48B0CF22A77D0D100A682D4 /* DetailPage.swift */,
			);
			path = View;
			sourceTree = "<group>";
		};
		A4C7444D2A73B477007C023F /* Model */ = {
			isa = PBXGroup;
			children = (
				A4C744562A73BEEE007C023F /* MovieModel.swift */,
			);
			path = Model;
			sourceTree = "<group>";
		};
		A4C744582A73DFEE007C023F /* SubView */ = {
			isa = PBXGroup;
			children = (
				A4C744592A73E000007C023F /* HomePageDesign.swift */,
				A49B244C2A79257400CDB771 /* FavPageDesign.swift */,
				A4D64FCD2A7A47450064D95A /* DetailPageDesign.swift */,
				A4D64FCF2A7A5C830064D95A /* ActorPageDesign.swift */,
			);
			path = SubView;
			sourceTree = "<group>";
		};
/* End PBXGroup section */

/* Begin PBXNativeTarget section */
		A4C744382A73B3F3007C023F /* MovieApp */ = {
			isa = PBXNativeTarget;
			buildConfigurationList = A4C744472A73B3F5007C023F /* Build configuration list for PBXNativeTarget "MovieApp" */;
			buildPhases = (
				A4C744352A73B3F3007C023F /* Sources */,
				A4C744362A73B3F3007C023F /* Frameworks */,
				A4C744372A73B3F3007C023F /* Resources */,
			);
			buildRules = (
			);
			dependencies = (
			);
			name = MovieApp;
			packageProductDependencies = (
				A48B0CEE2A77AFAC00A682D4 /* Kingfisher */,
			);
			productName = MovieApp;
			productReference = A4C744392A73B3F3007C023F /* MovieApp.app */;
			productType = "com.apple.product-type.application";
		};
/* End PBXNativeTarget section */

/* Begin PBXProject section */
		A4C744312A73B3F3007C023F /* Project object */ = {
			isa = PBXProject;
			attributes = {
				BuildIndependentTargetsInParallel = 1;
				LastSwiftUpdateCheck = 1420;
				LastUpgradeCheck = 1420;
				TargetAttributes = {
					A4C744382A73B3F3007C023F = {
						CreatedOnToolsVersion = 14.2;
					};
				};
			};
			buildConfigurationList = A4C744342A73B3F3007C023F /* Build configuration list for PBXProject "MovieApp" */;
			compatibilityVersion = "Xcode 14.0";
			developmentRegion = en;
			hasScannedForEncodings = 0;
			knownRegions = (
				en,
				Base,
			);
			mainGroup = A4C744302A73B3F3007C023F;
			packageReferences = (
				A48B0CED2A77AFAC00A682D4 /* XCRemoteSwiftPackageReference "Kingfisher" */,
			);
			productRefGroup = A4C7443A2A73B3F3007C023F /* Products */;
			projectDirPath = "";
			projectRoot = "";
			targets = (
				A4C744382A73B3F3007C023F /* MovieApp */,
			);
		};
/* End PBXProject section */

/* Begin PBXResourcesBuildPhase section */
		A4C744372A73B3F3007C023F /* Resources */ = {
			isa = PBXResourcesBuildPhase;
			buildActionMask = 2147483647;
			files = (
				A4C744442A73B3F5007C023F /* Preview Assets.xcassets in Resources */,
				A4C744412A73B3F5007C023F /* Assets.xcassets in Resources */,
			);
			runOnlyForDeploymentPostprocessing = 0;
		};
/* End PBXResourcesBuildPhase section */

/* Begin PBXSourcesBuildPhase section */
		A4C744352A73B3F3007C023F /* Sources */ = {
			isa = PBXSourcesBuildPhase;
			buildActionMask = 2147483647;
			files = (
				A4C744572A73BEEE007C023F /* MovieModel.swift in Sources */,
				A4C7443F2A73B3F3007C023F /* ContentView.swift in Sources */,
				A48B0CF12A77B41A00A682D4 /* SubTitlePageDesign.swift in Sources */,
				A48B0CF32A77D0D100A682D4 /* DetailPage.swift in Sources */,
				A4C744552A73B8B0007C023F /* MovieDBViewModel.swift in Sources */,
				A4C7443D2A73B3F3007C023F /* MovieApp.swift in Sources */,
				A4C7444F2A73B4D5007C023F /* MovieHomePage.swift in Sources */,
				A4D64FD02A7A5C830064D95A /* ActorPageDesign.swift in Sources */,
				A4C744512A73B4EF007C023F /* MovieSearchPage.swift in Sources */,
				A4C744532A73B503007C023F /* MovieFavPage.swift in Sources */,
				A49B244D2A79257400CDB771 /* FavPageDesign.swift in Sources */,
				A4C7445A2A73E000007C023F /* HomePageDesign.swift in Sources */,
				A4D64FCE2A7A47450064D95A /* DetailPageDesign.swift in Sources */,
			);
			runOnlyForDeploymentPostprocessing = 0;
		};
/* End PBXSourcesBuildPhase section */

/* Begin XCBuildConfiguration section */
		A4C744452A73B3F5007C023F /* Debug */ = {
			isa = XCBuildConfiguration;
			buildSettings = {
				ALWAYS_SEARCH_USER_PATHS = NO;
				CLANG_ANALYZER_NONNULL = YES;
				CLANG_ANALYZER_NUMBER_OBJECT_CONVERSION = YES_AGGRESSIVE;
				CLANG_CXX_LANGUAGE_STANDARD = "gnu++20";
				CLANG_ENABLE_MODULES = YES;
				CLANG_ENABLE_OBJC_ARC = YES;
				CLANG_ENABLE_OBJC_WEAK = YES;
				CLANG_WARN_BLOCK_CAPTURE_AUTORELEASING = YES;
				CLANG_WARN_BOOL_CONVERSION = YES;
				CLANG_WARN_COMMA = YES;
				CLANG_WARN_CONSTANT_CONVERSION = YES;
				CLANG_WARN_DEPRECATED_OBJC_IMPLEMENTATIONS = YES;
				CLANG_WARN_DIRECT_OBJC_ISA_USAGE = YES_ERROR;
				CLANG_WARN_DOCUMENTATION_COMMENTS = YES;
				CLANG_WARN_EMPTY_BODY = YES;
				CLANG_WARN_ENUM_CONVERSION = YES;
				CLANG_WARN_INFINITE_RECURSION = YES;
				CLANG_WARN_INT_CONVERSION = YES;
				CLANG_WARN_NON_LITERAL_NULL_CONVERSION = YES;
				CLANG_WARN_OBJC_IMPLICIT_RETAIN_SELF = YES;
				CLANG_WARN_OBJC_LITERAL_CONVERSION = YES;
				CLANG_WARN_OBJC_ROOT_CLASS = YES_ERROR;
				CLANG_WARN_QUOTED_INCLUDE_IN_FRAMEWORK_HEADER = YES;
				CLANG_WARN_RANGE_LOOP_ANALYSIS = YES;
				CLANG_WARN_STRICT_PROTOTYPES = YES;
				CLANG_WARN_SUSPICIOUS_MOVE = YES;
				CLANG_WARN_UNGUARDED_AVAILABILITY = YES_AGGRESSIVE;
				CLANG_WARN_UNREACHABLE_CODE = YES;
				CLANG_WARN__DUPLICATE_METHOD_MATCH = YES;
				COPY_PHASE_STRIP = NO;
				DEBUG_INFORMATION_FORMAT = dwarf;
				ENABLE_STRICT_OBJC_MSGSEND = YES;
				ENABLE_TESTABILITY = YES;
				GCC_C_LANGUAGE_STANDARD = gnu11;
				GCC_DYNAMIC_NO_PIC = NO;
				GCC_NO_COMMON_BLOCKS = YES;
				GCC_OPTIMIZATION_LEVEL = 0;
				GCC_PREPROCESSOR_DEFINITIONS = (
					"DEBUG=1",
					"$(inherited)",
				);
				GCC_WARN_64_TO_32_BIT_CONVERSION = YES;
				GCC_WARN_ABOUT_RETURN_TYPE = YES_ERROR;
				GCC_WARN_UNDECLARED_SELECTOR = YES;
				GCC_WARN_UNINITIALIZED_AUTOS = YES_AGGRESSIVE;
				GCC_WARN_UNUSED_FUNCTION = YES;
				GCC_WARN_UNUSED_VARIABLE = YES;
				IPHONEOS_DEPLOYMENT_TARGET = 16.2;
				MTL_ENABLE_DEBUG_INFO = INCLUDE_SOURCE;
				MTL_FAST_MATH = YES;
				ONLY_ACTIVE_ARCH = YES;
				SDKROOT = iphoneos;
				SWIFT_ACTIVE_COMPILATION_CONDITIONS = DEBUG;
				SWIFT_OPTIMIZATION_LEVEL = "-Onone";
			};
			name = Debug;
		};
		A4C744462A73B3F5007C023F /* Release */ = {
			isa = XCBuildConfiguration;
			buildSettings = {
				ALWAYS_SEARCH_USER_PATHS = NO;
				CLANG_ANALYZER_NONNULL = YES;
				CLANG_ANALYZER_NUMBER_OBJECT_CONVERSION = YES_AGGRESSIVE;
				CLANG_CXX_LANGUAGE_STANDARD = "gnu++20";
				CLANG_ENABLE_MODULES = YES;
				CLANG_ENABLE_OBJC_ARC = YES;
				CLANG_ENABLE_OBJC_WEAK = YES;
				CLANG_WARN_BLOCK_CAPTURE_AUTORELEASING = YES;
				CLANG_WARN_BOOL_CONVERSION = YES;
				CLANG_WARN_COMMA = YES;
				CLANG_WARN_CONSTANT_CONVERSION = YES;
				CLANG_WARN_DEPRECATED_OBJC_IMPLEMENTATIONS = YES;
				CLANG_WARN_DIRECT_OBJC_ISA_USAGE = YES_ERROR;
				CLANG_WARN_DOCUMENTATION_COMMENTS = YES;
				CLANG_WARN_EMPTY_BODY = YES;
				CLANG_WARN_ENUM_CONVERSION = YES;
				CLANG_WARN_INFINITE_RECURSION = YES;
				CLANG_WARN_INT_CONVERSION = YES;
				CLANG_WARN_NON_LITERAL_NULL_CONVERSION = YES;
				CLANG_WARN_OBJC_IMPLICIT_RETAIN_SELF = YES;
				CLANG_WARN_OBJC_LITERAL_CONVERSION = YES;
				CLANG_WARN_OBJC_ROOT_CLASS = YES_ERROR;
				CLANG_WARN_QUOTED_INCLUDE_IN_FRAMEWORK_HEADER = YES;
				CLANG_WARN_RANGE_LOOP_ANALYSIS = YES;
				CLANG_WARN_STRICT_PROTOTYPES = YES;
				CLANG_WARN_SUSPICIOUS_MOVE = YES;
				CLANG_WARN_UNGUARDED_AVAILABILITY = YES_AGGRESSIVE;
				CLANG_WARN_UNREACHABLE_CODE = YES;
				CLANG_WARN__DUPLICATE_METHOD_MATCH = YES;
				COPY_PHASE_STRIP = NO;
				DEBUG_INFORMATION_FORMAT = "dwarf-with-dsym";
				ENABLE_NS_ASSERTIONS = NO;
				ENABLE_STRICT_OBJC_MSGSEND = YES;
				GCC_C_LANGUAGE_STANDARD = gnu11;
				GCC_NO_COMMON_BLOCKS = YES;
				GCC_WARN_64_TO_32_BIT_CONVERSION = YES;
				GCC_WARN_ABOUT_RETURN_TYPE = YES_ERROR;
				GCC_WARN_UNDECLARED_SELECTOR = YES;
				GCC_WARN_UNINITIALIZED_AUTOS = YES_AGGRESSIVE;
				GCC_WARN_UNUSED_FUNCTION = YES;
				GCC_WARN_UNUSED_VARIABLE = YES;
				IPHONEOS_DEPLOYMENT_TARGET = 16.2;
				MTL_ENABLE_DEBUG_INFO = NO;
				MTL_FAST_MATH = YES;
				SDKROOT = iphoneos;
				SWIFT_COMPILATION_MODE = wholemodule;
				SWIFT_OPTIMIZATION_LEVEL = "-O";
				VALIDATE_PRODUCT = YES;
			};
			name = Release;
		};
		A4C744482A73B3F5007C023F /* Debug */ = {
			isa = XCBuildConfiguration;
			buildSettings = {
				ASSETCATALOG_COMPILER_APPICON_NAME = AppIcon;
				ASSETCATALOG_COMPILER_GLOBAL_ACCENT_COLOR_NAME = AccentColor;
				CODE_SIGN_STYLE = Automatic;
				CURRENT_PROJECT_VERSION = 1;
				DEVELOPMENT_ASSET_PATHS = "\"MovieApp/Preview Content\"";
				DEVELOPMENT_TEAM = NF9R7KNMC7;
				ENABLE_PREVIEWS = YES;
				GENERATE_INFOPLIST_FILE = YES;
				INFOPLIST_KEY_UIApplicationSceneManifest_Generation = YES;
				INFOPLIST_KEY_UIApplicationSupportsIndirectInputEvents = YES;
				INFOPLIST_KEY_UILaunchScreen_Generation = YES;
				INFOPLIST_KEY_UISupportedInterfaceOrientations_iPad = "UIInterfaceOrientationPortrait UIInterfaceOrientationPortraitUpsideDown UIInterfaceOrientationLandscapeLeft UIInterfaceOrientationLandscapeRight";
				INFOPLIST_KEY_UISupportedInterfaceOrientations_iPhone = "UIInterfaceOrientationPortrait UIInterfaceOrientationLandscapeLeft UIInterfaceOrientationLandscapeRight";
				LD_RUNPATH_SEARCH_PATHS = (
					"$(inherited)",
					"@executable_path/Frameworks",
				);
				MARKETING_VERSION = 1.0;
				PRODUCT_BUNDLE_IDENTIFIER = com.eyuphanakkaya.MovieApp;
				PRODUCT_NAME = "$(TARGET_NAME)";
				SWIFT_EMIT_LOC_STRINGS = YES;
				SWIFT_VERSION = 5.0;
				TARGETED_DEVICE_FAMILY = "1,2";
			};
			name = Debug;
		};
		A4C744492A73B3F5007C023F /* Release */ = {
			isa = XCBuildConfiguration;
			buildSettings = {
				ASSETCATALOG_COMPILER_APPICON_NAME = AppIcon;
				ASSETCATALOG_COMPILER_GLOBAL_ACCENT_COLOR_NAME = AccentColor;
				CODE_SIGN_STYLE = Automatic;
				CURRENT_PROJECT_VERSION = 1;
				DEVELOPMENT_ASSET_PATHS = "\"MovieApp/Preview Content\"";
				DEVELOPMENT_TEAM = NF9R7KNMC7;
				ENABLE_PREVIEWS = YES;
				GENERATE_INFOPLIST_FILE = YES;
				INFOPLIST_KEY_UIApplicationSceneManifest_Generation = YES;
				INFOPLIST_KEY_UIApplicationSupportsIndirectInputEvents = YES;
				INFOPLIST_KEY_UILaunchScreen_Generation = YES;
				INFOPLIST_KEY_UISupportedInterfaceOrientations_iPad = "UIInterfaceOrientationPortrait UIInterfaceOrientationPortraitUpsideDown UIInterfaceOrientationLandscapeLeft UIInterfaceOrientationLandscapeRight";
				INFOPLIST_KEY_UISupportedInterfaceOrientations_iPhone = "UIInterfaceOrientationPortrait UIInterfaceOrientationLandscapeLeft UIInterfaceOrientationLandscapeRight";
				LD_RUNPATH_SEARCH_PATHS = (
					"$(inherited)",
					"@executable_path/Frameworks",
				);
				MARKETING_VERSION = 1.0;
				PRODUCT_BUNDLE_IDENTIFIER = com.eyuphanakkaya.MovieApp;
				PRODUCT_NAME = "$(TARGET_NAME)";
				SWIFT_EMIT_LOC_STRINGS = YES;
				SWIFT_VERSION = 5.0;
				TARGETED_DEVICE_FAMILY = "1,2";
			};
			name = Release;
		};
/* End XCBuildConfiguration section */

/* Begin XCConfigurationList section */
		A4C744342A73B3F3007C023F /* Build configuration list for PBXProject "MovieApp" */ = {
			isa = XCConfigurationList;
			buildConfigurations = (
				A4C744452A73B3F5007C023F /* Debug */,
				A4C744462A73B3F5007C023F /* Release */,
			);
			defaultConfigurationIsVisible = 0;
			defaultConfigurationName = Release;
		};
		A4C744472A73B3F5007C023F /* Build configuration list for PBXNativeTarget "MovieApp" */ = {
			isa = XCConfigurationList;
			buildConfigurations = (
				A4C744482A73B3F5007C023F /* Debug */,
				A4C744492A73B3F5007C023F /* Release */,
			);
			defaultConfigurationIsVisible = 0;
			defaultConfigurationName = Release;
		};
/* End XCConfigurationList section */

/* Begin XCRemoteSwiftPackageReference section */
		A48B0CED2A77AFAC00A682D4 /* XCRemoteSwiftPackageReference "Kingfisher" */ = {
			isa = XCRemoteSwiftPackageReference;
			repositoryURL = "https://github.com/onevcat/Kingfisher.git";
			requirement = {
				branch = master;
				kind = branch;
			};
		};
/* End XCRemoteSwiftPackageReference section */

/* Begin XCSwiftPackageProductDependency section */
		A48B0CEE2A77AFAC00A682D4 /* Kingfisher */ = {
			isa = XCSwiftPackageProductDependency;
			package = A48B0CED2A77AFAC00A682D4 /* XCRemoteSwiftPackageReference "Kingfisher" */;
			productName = Kingfisher;
		};
/* End XCSwiftPackageProductDependency section */
	};
	rootObject = A4C744312A73B3F3007C023F /* Project object */;
}
